
Microsoft Visual Studio Solution File, Format Version 12.00
# Visual Studio 2013
VisualStudioVersion = 12.0.31101.0
MinimumVisualStudioVersion = 10.0.40219.1
Project("{FAE04EC0-301F-11D3-BF4B-00C04F79EFBC}") = "text.input", "text.input\text.input.csproj", "{4A0CD814-DC45-477E-9065-CCD9C8F207BB}"
EndProject
Project("{FAE04EC0-301F-11D3-BF4B-00C04F79EFBC}") = "text.Output", "text.Output\text.Output.csproj", "{2D4F1ADD-9371-40CE-923E-E4824E94B630}"
EndProject
Global
	GlobalSection(SolutionConfigurationPlatforms) = preSolution
		Debug|Any CPU = Debug|Any CPU
		Release|Any CPU = Release|Any CPU
	EndGlobalSection
	GlobalSection(ProjectConfigurationPlatforms) = postSolution
		{4A0CD814-DC45-477E-9065-CCD9C8F207BB}.Debug|Any CPU.ActiveCfg = Debug|Any CPU
		{4A0CD814-DC45-477E-9065-CCD9C8F207BB}.Debug|Any CPU.Build.0 = Debug|Any CPU
		{4A0CD814-DC45-477E-9065-CCD9C8F207BB}.Release|Any CPU.ActiveCfg = Release|Any CPU
		{4A0CD814-DC45-477E-9065-CCD9C8F207BB}.Release|Any CPU.Build.0 = Release|Any CPU
		{2D4F1ADD-9371-40CE-923E-E4824E94B630}.Debug|Any CPU.ActiveCfg = Debug|Any CPU
		{2D4F1ADD-9371-40CE-923E-E4824E94B630}.Debug|Any CPU.Build.0 = Debug|Any CPU
		{2D4F1ADD-9371-40CE-923E-E4824E94B630}.Release|Any CPU.ActiveCfg = Release|Any CPU
		{2D4F1ADD-9371-40CE-923E-E4824E94B630}.Release|Any CPU.Build.0 = Release|Any CPU
	EndGlobalSection
	GlobalSection(SolutionProperties) = preSolution
		HideSolutionNode = FALSE
	EndGlobalSection
EndGlobal
